
Microsoft Visual Studio Solution File, Format Version 12.00
# Visual Studio Version 17
VisualStudioVersion = 17.5.33502.453
MinimumVisualStudioVersion = 10.0.40219.1
Project("{FAE04EC0-301F-11D3-BF4B-00C04F79EFBC}") = "GraphApi", "GraphApi.csproj", "{2BC79F9B-608B-46DF-AF4C-D03137B9E753}"
EndProject
Global
	GlobalSection(SolutionConfigurationPlatforms) = preSolution
		Debug|Any CPU = Debug|Any CPU
		Release|Any CPU = Release|Any CPU
	EndGlobalSection
	GlobalSection(ProjectConfigurationPlatforms) = postSolution
		{2BC79F9B-608B-46DF-AF4C-D03137B9E753}.Debug|Any CPU.ActiveCfg = Debug|Any CPU
		{2BC79F9B-608B-46DF-AF4C-D03137B9E753}.Debug|Any CPU.Build.0 = Debug|Any CPU
		{2BC79F9B-608B-46DF-AF4C-D03137B9E753}.Release|Any CPU.ActiveCfg = Release|Any CPU
		{2BC79F9B-608B-46DF-AF4C-D03137B9E753}.Release|Any CPU.Build.0 = Release|Any CPU
	EndGlobalSection
	GlobalSection(SolutionProperties) = preSolution
		HideSolutionNode = FALSE
	EndGlobalSection
	GlobalSection(ExtensibilityGlobals) = postSolution
		SolutionGuid = {BBBE95E1-282F-4D98-8E52-9247D9C99FFB}
	EndGlobalSection
EndGlobal
